// !$*UTF8*$!
{
	archiveVersion = 1;
	classes = {
	};
	objectVersion = 46;
	objects = {

/* Begin PBXBuildFile section */
		982F2E341A5B7B6B0067F7E2 /* QuartzCore.framework in Frameworks */ = {isa = PBXBuildFile; fileRef = 982F2E331A5B7B6B0067F7E2 /* QuartzCore.framework */; };
		982F2E371A5B7BE40067F7E2 /* CoreLocation.framework in Frameworks */ = {isa = PBXBuildFile; fileRef = 982F2E361A5B7BE40067F7E2 /* CoreLocation.framework */; };
		982F2E421A5B863C0067F7E2 /* SignUpViewController.m in Sources */ = {isa = PBXBuildFile; fileRef = 982F2E411A5B863C0067F7E2 /* SignUpViewController.m */; };
		98625C311A5F43CD0021B929 /* signUpLogin.png in Resources */ = {isa = PBXBuildFile; fileRef = 98625C301A5F43CD0021B929 /* signUpLogin.png */; };
		98625C3C1A5F5C190021B929 /* firstViewController.m in Sources */ = {isa = PBXBuildFile; fileRef = 98625C3B1A5F5C190021B929 /* firstViewController.m */; };
		98625C3E1A5F5E1E0021B929 /* haikei.png in Resources */ = {isa = PBXBuildFile; fileRef = 98625C3D1A5F5E1E0021B929 /* haikei.png */; };
		98625C4E1A5F78790021B929 /* whiteEdge.png in Resources */ = {isa = PBXBuildFile; fileRef = 98625C4D1A5F78790021B929 /* whiteEdge.png */; };
		98625C501A5F79540021B929 /* whiteWaku.png in Resources */ = {isa = PBXBuildFile; fileRef = 98625C4F1A5F79540021B929 /* whiteWaku.png */; };
		98625C531A5FA84A0021B929 /* LoginViewController.m in Sources */ = {isa = PBXBuildFile; fileRef = 98625C521A5FA84A0021B929 /* LoginViewController.m */; };
		9869A2D41A7C5FAC00670392 /* block.png in Resources */ = {isa = PBXBuildFile; fileRef = 9869A2D21A7C5FAC00670392 /* block.png */; };
		9869A2D51A7C5FAC00670392 /* cancel.png in Resources */ = {isa = PBXBuildFile; fileRef = 9869A2D31A7C5FAC00670392 /* cancel.png */; };
		9869A2D71A7C622B00670392 /* firstView.png in Resources */ = {isa = PBXBuildFile; fileRef = 9869A2D61A7C622B00670392 /* firstView.png */; };
		986B875E1A7587D6001EA102 /* AudioToolbox.framework in Frameworks */ = {isa = PBXBuildFile; fileRef = 986B875D1A7587D6001EA102 /* AudioToolbox.framework */; };
		986B87601A759370001EA102 /* 新規録音.wav in Resources */ = {isa = PBXBuildFile; fileRef = 986B875F1A759370001EA102 /* 新規録音.wav */; };
		986B87621A75A5B0001EA102 /* sky1.jpg in Resources */ = {isa = PBXBuildFile; fileRef = 986B87611A75A5B0001EA102 /* sky1.jpg */; };
		986B87641A77558E001EA102 /* arrowLight.png in Resources */ = {isa = PBXBuildFile; fileRef = 986B87631A77558E001EA102 /* arrowLight.png */; };
		986B878B1A780632001EA102 /* AFHTTPRequestOperation.m in Sources */ = {isa = PBXBuildFile; fileRef = 986B87671A780632001EA102 /* AFHTTPRequestOperation.m */; };
		986B878C1A780632001EA102 /* AFHTTPRequestOperationManager.m in Sources */ = {isa = PBXBuildFile; fileRef = 986B87691A780632001EA102 /* AFHTTPRequestOperationManager.m */; };
		986B878D1A780632001EA102 /* AFHTTPSessionManager.m in Sources */ = {isa = PBXBuildFile; fileRef = 986B876B1A780632001EA102 /* AFHTTPSessionManager.m */; };
		986B878E1A780632001EA102 /* AFNetworkReachabilityManager.m in Sources */ = {isa = PBXBuildFile; fileRef = 986B876E1A780632001EA102 /* AFNetworkReachabilityManager.m */; };
		986B878F1A780632001EA102 /* AFSecurityPolicy.m in Sources */ = {isa = PBXBuildFile; fileRef = 986B87701A780632001EA102 /* AFSecurityPolicy.m */; };
		986B87901A780632001EA102 /* AFURLConnectionOperation.m in Sources */ = {isa = PBXBuildFile; fileRef = 986B87721A780632001EA102 /* AFURLConnectionOperation.m */; };
		986B87911A780632001EA102 /* AFURLRequestSerialization.m in Sources */ = {isa = PBXBuildFile; fileRef = 986B87741A780632001EA102 /* AFURLRequestSerialization.m */; };
		986B87921A780632001EA102 /* AFURLResponseSerialization.m in Sources */ = {isa = PBXBuildFile; fileRef = 986B87761A780632001EA102 /* AFURLResponseSerialization.m */; };
		986B87931A780632001EA102 /* AFURLSessionManager.m in Sources */ = {isa = PBXBuildFile; fileRef = 986B87781A780632001EA102 /* AFURLSessionManager.m */; };
		986B87941A780632001EA102 /* AFNetworkActivityIndicatorManager.m in Sources */ = {isa = PBXBuildFile; fileRef = 986B877B1A780632001EA102 /* AFNetworkActivityIndicatorManager.m */; };
		986B87951A780632001EA102 /* UIActivityIndicatorView+AFNetworking.m in Sources */ = {isa = PBXBuildFile; fileRef = 986B877D1A780632001EA102 /* UIActivityIndicatorView+AFNetworking.m */; };
		986B87961A780632001EA102 /* UIAlertView+AFNetworking.m in Sources */ = {isa = PBXBuildFile; fileRef = 986B877F1A780632001EA102 /* UIAlertView+AFNetworking.m */; };
		986B87971A780632001EA102 /* UIButton+AFNetworking.m in Sources */ = {isa = PBXBuildFile; fileRef = 986B87811A780632001EA102 /* UIButton+AFNetworking.m */; };
		986B87981A780632001EA102 /* UIImageView+AFNetworking.m in Sources */ = {isa = PBXBuildFile; fileRef = 986B87831A780632001EA102 /* UIImageView+AFNetworking.m */; };
		986B87991A780632001EA102 /* UIProgressView+AFNetworking.m in Sources */ = {isa = PBXBuildFile; fileRef = 986B87861A780632001EA102 /* UIProgressView+AFNetworking.m */; };
		986B879A1A780632001EA102 /* UIRefreshControl+AFNetworking.m in Sources */ = {isa = PBXBuildFile; fileRef = 986B87881A780632001EA102 /* UIRefreshControl+AFNetworking.m */; };
		986B879B1A780632001EA102 /* UIWebView+AFNetworking.m in Sources */ = {isa = PBXBuildFile; fileRef = 986B878A1A780632001EA102 /* UIWebView+AFNetworking.m */; };
		988C99271A7E0BD800526701 /* ModelManager.m in Sources */ = {isa = PBXBuildFile; fileRef = 988C99261A7E0BD800526701 /* ModelManager.m */; };
		989C874E1A79AB2A006DC17E /* alohaIcon80.png in Resources */ = {isa = PBXBuildFile; fileRef = 989C874C1A79AB2A006DC17E /* alohaIcon80.png */; };
		989C874F1A79AB2A006DC17E /* alohaIcon120.png in Resources */ = {isa = PBXBuildFile; fileRef = 989C874D1A79AB2A006DC17E /* alohaIcon120.png */; };
		989C87511A79ABF0006DC17E /* alohaIcon180.png in Resources */ = {isa = PBXBuildFile; fileRef = 989C87501A79ABF0006DC17E /* alohaIcon180.png */; };
		989C87591A79C09D006DC17E /* newFukidasi.png in Resources */ = {isa = PBXBuildFile; fileRef = 989C87551A79C09D006DC17E /* newFukidasi.png */; };
		989C875A1A79C09D006DC17E /* newUserBack.png in Resources */ = {isa = PBXBuildFile; fileRef = 989C87561A79C09D006DC17E /* newUserBack.png */; };
		989C875C1A79C5CF006DC17E /* newBackGround.png in Resources */ = {isa = PBXBuildFile; fileRef = 989C875B1A79C5CF006DC17E /* newBackGround.png */; };
		989C875E1A79D162006DC17E /* hedder.png in Resources */ = {isa = PBXBuildFile; fileRef = 989C875D1A79D162006DC17E /* hedder.png */; };
		98AF13E81A7B6C60007A9C57 /* NSMutableArray+SWUtilityButtons.m in Sources */ = {isa = PBXBuildFile; fileRef = 98AF13DD1A7B6C60007A9C57 /* NSMutableArray+SWUtilityButtons.m */; };
		98AF13E91A7B6C60007A9C57 /* SWCellScrollView.m in Sources */ = {isa = PBXBuildFile; fileRef = 98AF13DF1A7B6C60007A9C57 /* SWCellScrollView.m */; };
		98AF13EA1A7B6C60007A9C57 /* SWLongPressGestureRecognizer.m in Sources */ = {isa = PBXBuildFile; fileRef = 98AF13E11A7B6C60007A9C57 /* SWLongPressGestureRecognizer.m */; };
		98AF13EB1A7B6C60007A9C57 /* SWTableViewCell.m in Sources */ = {isa = PBXBuildFile; fileRef = 98AF13E31A7B6C60007A9C57 /* SWTableViewCell.m */; };
		98AF13EC1A7B6C60007A9C57 /* SWUtilityButtonTapGestureRecognizer.m in Sources */ = {isa = PBXBuildFile; fileRef = 98AF13E51A7B6C60007A9C57 /* SWUtilityButtonTapGestureRecognizer.m */; };
		98AF13ED1A7B6C60007A9C57 /* SWUtilityButtonView.m in Sources */ = {isa = PBXBuildFile; fileRef = 98AF13E71A7B6C60007A9C57 /* SWUtilityButtonView.m */; };
		98E1AB011A7A0DDB007A807D /* FOT-PopJoyStd-B.otf in Resources */ = {isa = PBXBuildFile; fileRef = 98E1AB001A7A0DDB007A807D /* FOT-PopJoyStd-B.otf */; };
		98E48AD31A622ED00021B014 /* OptionViewController.m in Sources */ = {isa = PBXBuildFile; fileRef = 98E48AD21A622ED00021B014 /* OptionViewController.m */; };
		98F1980C1A58BF7100869846 /* arrow.png in Resources */ = {isa = PBXBuildFile; fileRef = 98F1980A1A58BF7100869846 /* arrow.png */; };
		98F1980D1A58BF7100869846 /* circle.png in Resources */ = {isa = PBXBuildFile; fileRef = 98F1980B1A58BF7100869846 /* circle.png */; };
		98FEF42D1A5867DD00B2AE63 /* main.m in Sources */ = {isa = PBXBuildFile; fileRef = 98FEF42C1A5867DD00B2AE63 /* main.m */; };
		98FEF4301A5867DD00B2AE63 /* AppDelegate.m in Sources */ = {isa = PBXBuildFile; fileRef = 98FEF42F1A5867DD00B2AE63 /* AppDelegate.m */; };
		98FEF4331A5867DD00B2AE63 /* arrometer.xcdatamodeld in Sources */ = {isa = PBXBuildFile; fileRef = 98FEF4311A5867DD00B2AE63 /* arrometer.xcdatamodeld */; };
		98FEF4361A5867DD00B2AE63 /* ViewController.m in Sources */ = {isa = PBXBuildFile; fileRef = 98FEF4351A5867DD00B2AE63 /* ViewController.m */; };
		98FEF4391A5867DD00B2AE63 /* Main.storyboard in Resources */ = {isa = PBXBuildFile; fileRef = 98FEF4371A5867DD00B2AE63 /* Main.storyboard */; };
		98FEF43B1A5867DD00B2AE63 /* Images.xcassets in Resources */ = {isa = PBXBuildFile; fileRef = 98FEF43A1A5867DD00B2AE63 /* Images.xcassets */; };
		98FEF43E1A5867DD00B2AE63 /* LaunchScreen.xib in Resources */ = {isa = PBXBuildFile; fileRef = 98FEF43C1A5867DD00B2AE63 /* LaunchScreen.xib */; };
		98FEF44A1A5867DD00B2AE63 /* arrometerTests.m in Sources */ = {isa = PBXBuildFile; fileRef = 98FEF4491A5867DD00B2AE63 /* arrometerTests.m */; };
/* End PBXBuildFile section */

/* Begin PBXContainerItemProxy section */
		98FEF4441A5867DD00B2AE63 /* PBXContainerItemProxy */ = {
			isa = PBXContainerItemProxy;
			containerPortal = 98FEF41F1A5867DD00B2AE63 /* Project object */;
			proxyType = 1;
			remoteGlobalIDString = 98FEF4261A5867DD00B2AE63;
			remoteInfo = arrometer;
		};
/* End PBXContainerItemProxy section */

/* Begin PBXFileReference section */
		982F2E231A5B7AD20067F7E2 /* Parse.framework */ = {isa = PBXFileReference; lastKnownFileType = wrapper.framework; path = Parse.framework; sourceTree = "<group>"; };
		982F2E271A5B7B130067F7E2 /* CFNetwork.framework */ = {isa = PBXFileReference; lastKnownFileType = wrapper.framework; name = CFNetwork.framework; path = System/Library/Frameworks/CFNetwork.framework; sourceTree = SDKROOT; };
		982F2E291A5B7B2D0067F7E2 /* SystemConfiguration.framework */ = {isa = PBXFileReference; lastKnownFileType = wrapper.framework; name = SystemConfiguration.framework; path = System/Library/Frameworks/SystemConfiguration.framework; sourceTree = SDKROOT; };
		982F2E2B1A5B7B390067F7E2 /* MobileCoreServices.framework */ = {isa = PBXFileReference; lastKnownFileType = wrapper.framework; name = MobileCoreServices.framework; path = System/Library/Frameworks/MobileCoreServices.framework; sourceTree = SDKROOT; };
		982F2E2D1A5B7B460067F7E2 /* CoreGraphics.framework */ = {isa = PBXFileReference; lastKnownFileType = wrapper.framework; name = CoreGraphics.framework; path = System/Library/Frameworks/CoreGraphics.framework; sourceTree = SDKROOT; };
		982F2E311A5B7B600067F7E2 /* Security.framework */ = {isa = PBXFileReference; lastKnownFileType = wrapper.framework; name = Security.framework; path = System/Library/Frameworks/Security.framework; sourceTree = SDKROOT; };
		982F2E331A5B7B6B0067F7E2 /* QuartzCore.framework */ = {isa = PBXFileReference; lastKnownFileType = wrapper.framework; name = QuartzCore.framework; path = System/Library/Frameworks/QuartzCore.framework; sourceTree = SDKROOT; };
		982F2E361A5B7BE40067F7E2 /* CoreLocation.framework */ = {isa = PBXFileReference; lastKnownFileType = wrapper.framework; name = CoreLocation.framework; path = System/Library/Frameworks/CoreLocation.framework; sourceTree = SDKROOT; };
		982F2E381A5B7C140067F7E2 /* StoreKit.framework */ = {isa = PBXFileReference; lastKnownFileType = wrapper.framework; name = StoreKit.framework; path = System/Library/Frameworks/StoreKit.framework; sourceTree = SDKROOT; };
		982F2E3A1A5B7C370067F7E2 /* libsqlite3.dylib */ = {isa = PBXFileReference; lastKnownFileType = "compiled.mach-o.dylib"; name = libsqlite3.dylib; path = usr/lib/libsqlite3.dylib; sourceTree = SDKROOT; };
		982F2E3C1A5B7C440067F7E2 /* libz.dylib */ = {isa = PBXFileReference; lastKnownFileType = "compiled.mach-o.dylib"; name = libz.dylib; path = usr/lib/libz.dylib; sourceTree = SDKROOT; };
		982F2E3E1A5B7DA90067F7E2 /* Bolts.framework */ = {isa = PBXFileReference; lastKnownFileType = wrapper.framework; path = Bolts.framework; sourceTree = "<group>"; };
		982F2E401A5B863C0067F7E2 /* SignUpViewController.h */ = {isa = PBXFileReference; fileEncoding = 4; lastKnownFileType = sourcecode.c.h; name = SignUpViewController.h; path = ../SignUpViewController.h; sourceTree = "<group>"; };
		982F2E411A5B863C0067F7E2 /* SignUpViewController.m */ = {isa = PBXFileReference; fileEncoding = 4; lastKnownFileType = sourcecode.c.objc; name = SignUpViewController.m; path = ../SignUpViewController.m; sourceTree = "<group>"; };
		98625C301A5F43CD0021B929 /* signUpLogin.png */ = {isa = PBXFileReference; lastKnownFileType = image.png; path = signUpLogin.png; sourceTree = "<group>"; };
		98625C3A1A5F5C190021B929 /* firstViewController.h */ = {isa = PBXFileReference; fileEncoding = 4; lastKnownFileType = sourcecode.c.h; name = firstViewController.h; path = ../firstViewController.h; sourceTree = "<group>"; };
		98625C3B1A5F5C190021B929 /* firstViewController.m */ = {isa = PBXFileReference; fileEncoding = 4; lastKnownFileType = sourcecode.c.objc; name = firstViewController.m; path = ../firstViewController.m; sourceTree = "<group>"; };
		98625C3D1A5F5E1E0021B929 /* haikei.png */ = {isa = PBXFileReference; lastKnownFileType = image.png; path = haikei.png; sourceTree = "<group>"; };
		98625C4D1A5F78790021B929 /* whiteEdge.png */ = {isa = PBXFileReference; lastKnownFileType = image.png; path = whiteEdge.png; sourceTree = "<group>"; };
		98625C4F1A5F79540021B929 /* whiteWaku.png */ = {isa = PBXFileReference; lastKnownFileType = image.png; path = whiteWaku.png; sourceTree = "<group>"; };
		98625C511A5FA84A0021B929 /* LoginViewController.h */ = {isa = PBXFileReference; fileEncoding = 4; lastKnownFileType = sourcecode.c.h; name = LoginViewController.h; path = ../LoginViewController.h; sourceTree = "<group>"; };
		98625C521A5FA84A0021B929 /* LoginViewController.m */ = {isa = PBXFileReference; fileEncoding = 4; lastKnownFileType = sourcecode.c.objc; name = LoginViewController.m; path = ../LoginViewController.m; sourceTree = "<group>"; };
		9869A2D21A7C5FAC00670392 /* block.png */ = {isa = PBXFileReference; lastKnownFileType = image.png; path = block.png; sourceTree = "<group>"; };
		9869A2D31A7C5FAC00670392 /* cancel.png */ = {isa = PBXFileReference; lastKnownFileType = image.png; path = cancel.png; sourceTree = "<group>"; };
		9869A2D61A7C622B00670392 /* firstView.png */ = {isa = PBXFileReference; lastKnownFileType = image.png; path = firstView.png; sourceTree = "<group>"; };
		986B875D1A7587D6001EA102 /* AudioToolbox.framework */ = {isa = PBXFileReference; lastKnownFileType = wrapper.framework; name = AudioToolbox.framework; path = System/Library/Frameworks/AudioToolbox.framework; sourceTree = SDKROOT; };
		986B875F1A759370001EA102 /* 新規録音.wav */ = {isa = PBXFileReference; lastKnownFileType = audio.wav; path = "新規録音.wav"; sourceTree = "<group>"; };
		986B87611A75A5B0001EA102 /* sky1.jpg */ = {isa = PBXFileReference; lastKnownFileType = image.jpeg; path = sky1.jpg; sourceTree = "<group>"; };
		986B87631A77558E001EA102 /* arrowLight.png */ = {isa = PBXFileReference; lastKnownFileType = image.png; path = arrowLight.png; sourceTree = "<group>"; };
		986B87661A780632001EA102 /* AFHTTPRequestOperation.h */ = {isa = PBXFileReference; fileEncoding = 4; lastKnownFileType = sourcecode.c.h; path = AFHTTPRequestOperation.h; sourceTree = "<group>"; };
		986B87671A780632001EA102 /* AFHTTPRequestOperation.m */ = {isa = PBXFileReference; fileEncoding = 4; lastKnownFileType = sourcecode.c.objc; path = AFHTTPRequestOperation.m; sourceTree = "<group>"; };
		986B87681A780632001EA102 /* AFHTTPRequestOperationManager.h */ = {isa = PBXFileReference; fileEncoding = 4; lastKnownFileType = sourcecode.c.h; path = AFHTTPRequestOperationManager.h; sourceTree = "<group>"; };
		986B87691A780632001EA102 /* AFHTTPRequestOperationManager.m */ = {isa = PBXFileReference; fileEncoding = 4; lastKnownFileType = sourcecode.c.objc; path = AFHTTPRequestOperationManager.m; sourceTree = "<group>"; };
		986B876A1A780632001EA102 /* AFHTTPSessionManager.h */ = {isa = PBXFileReference; fileEncoding = 4; lastKnownFileType = sourcecode.c.h; path = AFHTTPSessionManager.h; sourceTree = "<group>"; };
		986B876B1A780632001EA102 /* AFHTTPSessionManager.m */ = {isa = PBXFileReference; fileEncoding = 4; lastKnownFileType = sourcecode.c.objc; path = AFHTTPSessionManager.m; sourceTree = "<group>"; };
		986B876C1A780632001EA102 /* AFNetworking.h */ = {isa = PBXFileReference; fileEncoding = 4; lastKnownFileType = sourcecode.c.h; path = AFNetworking.h; sourceTree = "<group>"; };
		986B876D1A780632001EA102 /* AFNetworkReachabilityManager.h */ = {isa = PBXFileReference; fileEncoding = 4; lastKnownFileType = sourcecode.c.h; path = AFNetworkReachabilityManager.h; sourceTree = "<group>"; };
		986B876E1A780632001EA102 /* AFNetworkReachabilityManager.m */ = {isa = PBXFileReference; fileEncoding = 4; lastKnownFileType = sourcecode.c.objc; path = AFNetworkReachabilityManager.m; sourceTree = "<group>"; };
		986B876F1A780632001EA102 /* AFSecurityPolicy.h */ = {isa = PBXFileReference; fileEncoding = 4; lastKnownFileType = sourcecode.c.h; path = AFSecurityPolicy.h; sourceTree = "<group>"; };
		986B87701A780632001EA102 /* AFSecurityPolicy.m */ = {isa = PBXFileReference; fileEncoding = 4; lastKnownFileType = sourcecode.c.objc; path = AFSecurityPolicy.m; sourceTree = "<group>"; };
		986B87711A780632001EA102 /* AFURLConnectionOperation.h */ = {isa = PBXFileReference; fileEncoding = 4; lastKnownFileType = sourcecode.c.h; path = AFURLConnectionOperation.h; sourceTree = "<group>"; };
		986B87721A780632001EA102 /* AFURLConnectionOperation.m */ = {isa = PBXFileReference; fileEncoding = 4; lastKnownFileType = sourcecode.c.objc; path = AFURLConnectionOperation.m; sourceTree = "<group>"; };
		986B87731A780632001EA102 /* AFURLRequestSerialization.h */ = {isa = PBXFileReference; fileEncoding = 4; lastKnownFileType = sourcecode.c.h; path = AFURLRequestSerialization.h; sourceTree = "<group>"; };
		986B87741A780632001EA102 /* AFURLRequestSerialization.m */ = {isa = PBXFileReference; fileEncoding = 4; lastKnownFileType = sourcecode.c.objc; path = AFURLRequestSerialization.m; sourceTree = "<group>"; };
		986B87751A780632001EA102 /* AFURLResponseSerialization.h */ = {isa = PBXFileReference; fileEncoding = 4; lastKnownFileType = sourcecode.c.h; path = AFURLResponseSerialization.h; sourceTree = "<group>"; };
		986B87761A780632001EA102 /* AFURLResponseSerialization.m */ = {isa = PBXFileReference; fileEncoding = 4; lastKnownFileType = sourcecode.c.objc; path = AFURLResponseSerialization.m; sourceTree = "<group>"; };
		986B87771A780632001EA102 /* AFURLSessionManager.h */ = {isa = PBXFileReference; fileEncoding = 4; lastKnownFileType = sourcecode.c.h; path = AFURLSessionManager.h; sourceTree = "<group>"; };
		986B87781A780632001EA102 /* AFURLSessionManager.m */ = {isa = PBXFileReference; fileEncoding = 4; lastKnownFileType = sourcecode.c.objc; path = AFURLSessionManager.m; sourceTree = "<group>"; };
		986B877A1A780632001EA102 /* AFNetworkActivityIndicatorManager.h */ = {isa = PBXFileReference; fileEncoding = 4; lastKnownFileType = sourcecode.c.h; path = AFNetworkActivityIndicatorManager.h; sourceTree = "<group>"; };
		986B877B1A780632001EA102 /* AFNetworkActivityIndicatorManager.m */ = {isa = PBXFileReference; fileEncoding = 4; lastKnownFileType = sourcecode.c.objc; path = AFNetworkActivityIndicatorManager.m; sourceTree = "<group>"; };
		986B877C1A780632001EA102 /* UIActivityIndicatorView+AFNetworking.h */ = {isa = PBXFileReference; fileEncoding = 4; lastKnownFileType = sourcecode.c.h; path = "UIActivityIndicatorView+AFNetworking.h"; sourceTree = "<group>"; };
		986B877D1A780632001EA102 /* UIActivityIndicatorView+AFNetworking.m */ = {isa = PBXFileReference; fileEncoding = 4; lastKnownFileType = sourcecode.c.objc; path = "UIActivityIndicatorView+AFNetworking.m"; sourceTree = "<group>"; };
		986B877E1A780632001EA102 /* UIAlertView+AFNetworking.h */ = {isa = PBXFileReference; fileEncoding = 4; lastKnownFileType = sourcecode.c.h; path = "UIAlertView+AFNetworking.h"; sourceTree = "<group>"; };
		986B877F1A780632001EA102 /* UIAlertView+AFNetworking.m */ = {isa = PBXFileReference; fileEncoding = 4; lastKnownFileType = sourcecode.c.objc; path = "UIAlertView+AFNetworking.m"; sourceTree = "<group>"; };
		986B87801A780632001EA102 /* UIButton+AFNetworking.h */ = {isa = PBXFileReference; fileEncoding = 4; lastKnownFileType = sourcecode.c.h; path = "UIButton+AFNetworking.h"; sourceTree = "<group>"; };
		986B87811A780632001EA102 /* UIButton+AFNetworking.m */ = {isa = PBXFileReference; fileEncoding = 4; lastKnownFileType = sourcecode.c.objc; path = "UIButton+AFNetworking.m"; sourceTree = "<group>"; };
		986B87821A780632001EA102 /* UIImageView+AFNetworking.h */ = {isa = PBXFileReference; fileEncoding = 4; lastKnownFileType = sourcecode.c.h; path = "UIImageView+AFNetworking.h"; sourceTree = "<group>"; };
		986B87831A780632001EA102 /* UIImageView+AFNetworking.m */ = {isa = PBXFileReference; fileEncoding = 4; lastKnownFileType = sourcecode.c.objc; path = "UIImageView+AFNetworking.m"; sourceTree = "<group>"; };
		986B87841A780632001EA102 /* UIKit+AFNetworking.h */ = {isa = PBXFileReference; fileEncoding = 4; lastKnownFileType = sourcecode.c.h; path = "UIKit+AFNetworking.h"; sourceTree = "<group>"; };
		986B87851A780632001EA102 /* UIProgressView+AFNetworking.h */ = {isa = PBXFileReference; fileEncoding = 4; lastKnownFileType = sourcecode.c.h; path = "UIProgressView+AFNetworking.h"; sourceTree = "<group>"; };
		986B87861A780632001EA102 /* UIProgressView+AFNetworking.m */ = {isa = PBXFileReference; fileEncoding = 4; lastKnownFileType = sourcecode.c.objc; path = "UIProgressView+AFNetworking.m"; sourceTree = "<group>"; };
		986B87871A780632001EA102 /* UIRefreshControl+AFNetworking.h */ = {isa = PBXFileReference; fileEncoding = 4; lastKnownFileType = sourcecode.c.h; path = "UIRefreshControl+AFNetworking.h"; sourceTree = "<group>"; };
		986B87881A780632001EA102 /* UIRefreshControl+AFNetworking.m */ = {isa = PBXFileReference; fileEncoding = 4; lastKnownFileType = sourcecode.c.objc; path = "UIRefreshControl+AFNetworking.m"; sourceTree = "<group>"; };
		986B87891A780632001EA102 /* UIWebView+AFNetworking.h */ = {isa = PBXFileReference; fileEncoding = 4; lastKnownFileType = sourcecode.c.h; path = "UIWebView+AFNetworking.h"; sourceTree = "<group>"; };
		986B878A1A780632001EA102 /* UIWebView+AFNetworking.m */ = {isa = PBXFileReference; fileEncoding = 4; lastKnownFileType = sourcecode.c.objc; path = "UIWebView+AFNetworking.m"; sourceTree = "<group>"; };
		988C99251A7E0BD800526701 /* ModelManager.h */ = {isa = PBXFileReference; fileEncoding = 4; lastKnownFileType = sourcecode.c.h; name = ModelManager.h; path = ../ModelManager.h; sourceTree = "<group>"; };
		988C99261A7E0BD800526701 /* ModelManager.m */ = {isa = PBXFileReference; fileEncoding = 4; lastKnownFileType = sourcecode.c.objc; name = ModelManager.m; path = ../ModelManager.m; sourceTree = "<group>"; };
		989C874C1A79AB2A006DC17E /* alohaIcon80.png */ = {isa = PBXFileReference; lastKnownFileType = image.png; path = alohaIcon80.png; sourceTree = "<group>"; };
		989C874D1A79AB2A006DC17E /* alohaIcon120.png */ = {isa = PBXFileReference; lastKnownFileType = image.png; path = alohaIcon120.png; sourceTree = "<group>"; };
		989C87501A79ABF0006DC17E /* alohaIcon180.png */ = {isa = PBXFileReference; lastKnownFileType = image.png; path = alohaIcon180.png; sourceTree = "<group>"; };
		989C87551A79C09D006DC17E /* newFukidasi.png */ = {isa = PBXFileReference; lastKnownFileType = image.png; name = newFukidasi.png; path = newImages/newFukidasi.png; sourceTree = "<group>"; };
		989C87561A79C09D006DC17E /* newUserBack.png */ = {isa = PBXFileReference; lastKnownFileType = image.png; name = newUserBack.png; path = newImages/newUserBack.png; sourceTree = "<group>"; };
		989C875B1A79C5CF006DC17E /* newBackGround.png */ = {isa = PBXFileReference; lastKnownFileType = image.png; name = newBackGround.png; path = newImages/newBackGround.png; sourceTree = "<group>"; };
		989C875D1A79D162006DC17E /* hedder.png */ = {isa = PBXFileReference; lastKnownFileType = image.png; name = hedder.png; path = newImages/hedder.png; sourceTree = "<group>"; };
		98AF13DC1A7B6C60007A9C57 /* NSMutableArray+SWUtilityButtons.h */ = {isa = PBXFileReference; fileEncoding = 4; lastKnownFileType = sourcecode.c.h; path = "NSMutableArray+SWUtilityButtons.h"; sourceTree = "<group>"; };
		98AF13DD1A7B6C60007A9C57 /* NSMutableArray+SWUtilityButtons.m */ = {isa = PBXFileReference; fileEncoding = 4; lastKnownFileType = sourcecode.c.objc; path = "NSMutableArray+SWUtilityButtons.m"; sourceTree = "<group>"; };
		98AF13DE1A7B6C60007A9C57 /* SWCellScrollView.h */ = {isa = PBXFileReference; fileEncoding = 4; lastKnownFileType = sourcecode.c.h; path = SWCellScrollView.h; sourceTree = "<group>"; };
		98AF13DF1A7B6C60007A9C57 /* SWCellScrollView.m */ = {isa = PBXFileReference; fileEncoding = 4; lastKnownFileType = sourcecode.c.objc; path = SWCellScrollView.m; sourceTree = "<group>"; };
		98AF13E01A7B6C60007A9C57 /* SWLongPressGestureRecognizer.h */ = {isa = PBXFileReference; fileEncoding = 4; lastKnownFileType = sourcecode.c.h; path = SWLongPressGestureRecognizer.h; sourceTree = "<group>"; };
		98AF13E11A7B6C60007A9C57 /* SWLongPressGestureRecognizer.m */ = {isa = PBXFileReference; fileEncoding = 4; lastKnownFileType = sourcecode.c.objc; path = SWLongPressGestureRecognizer.m; sourceTree = "<group>"; };
		98AF13E21A7B6C60007A9C57 /* SWTableViewCell.h */ = {isa = PBXFileReference; fileEncoding = 4; lastKnownFileType = sourcecode.c.h; path = SWTableViewCell.h; sourceTree = "<group>"; };
		98AF13E31A7B6C60007A9C57 /* SWTableViewCell.m */ = {isa = PBXFileReference; fileEncoding = 4; lastKnownFileType = sourcecode.c.objc; path = SWTableViewCell.m; sourceTree = "<group>"; };
		98AF13E41A7B6C60007A9C57 /* SWUtilityButtonTapGestureRecognizer.h */ = {isa = PBXFileReference; fileEncoding = 4; lastKnownFileType = sourcecode.c.h; path = SWUtilityButtonTapGestureRecognizer.h; sourceTree = "<group>"; };
		98AF13E51A7B6C60007A9C57 /* SWUtilityButtonTapGestureRecognizer.m */ = {isa = PBXFileReference; fileEncoding = 4; lastKnownFileType = sourcecode.c.objc; path = SWUtilityButtonTapGestureRecognizer.m; sourceTree = "<group>"; };
		98AF13E61A7B6C60007A9C57 /* SWUtilityButtonView.h */ = {isa = PBXFileReference; fileEncoding = 4; lastKnownFileType = sourcecode.c.h; path = SWUtilityButtonView.h; sourceTree = "<group>"; };
		98AF13E71A7B6C60007A9C57 /* SWUtilityButtonView.m */ = {isa = PBXFileReference; fileEncoding = 4; lastKnownFileType = sourcecode.c.objc; path = SWUtilityButtonView.m; sourceTree = "<group>"; };
		98E1AB001A7A0DDB007A807D /* FOT-PopJoyStd-B.otf */ = {isa = PBXFileReference; lastKnownFileType = file; path = "FOT-PopJoyStd-B.otf"; sourceTree = "<group>"; };
		98E48AD11A622ED00021B014 /* OptionViewController.h */ = {isa = PBXFileReference; fileEncoding = 4; lastKnownFileType = sourcecode.c.h; name = OptionViewController.h; path = ../OptionViewController.h; sourceTree = "<group>"; };
		98E48AD21A622ED00021B014 /* OptionViewController.m */ = {isa = PBXFileReference; fileEncoding = 4; lastKnownFileType = sourcecode.c.objc; name = OptionViewController.m; path = ../OptionViewController.m; sourceTree = "<group>"; };
		98F1980A1A58BF7100869846 /* arrow.png */ = {isa = PBXFileReference; lastKnownFileType = image.png; path = arrow.png; sourceTree = "<group>"; };
		98F1980B1A58BF7100869846 /* circle.png */ = {isa = PBXFileReference; lastKnownFileType = image.png; path = circle.png; sourceTree = "<group>"; };
		98FEF4271A5867DD00B2AE63 /* arrometer.app */ = {isa = PBXFileReference; explicitFileType = wrapper.application; includeInIndex = 0; path = arrometer.app; sourceTree = BUILT_PRODUCTS_DIR; };
		98FEF42B1A5867DD00B2AE63 /* Info.plist */ = {isa = PBXFileReference; lastKnownFileType = text.plist.xml; path = Info.plist; sourceTree = "<group>"; };
		98FEF42C1A5867DD00B2AE63 /* main.m */ = {isa = PBXFileReference; lastKnownFileType = sourcecode.c.objc; path = main.m; sourceTree = "<group>"; };
		98FEF42E1A5867DD00B2AE63 /* AppDelegate.h */ = {isa = PBXFileReference; lastKnownFileType = sourcecode.c.h; path = AppDelegate.h; sourceTree = "<group>"; };
		98FEF42F1A5867DD00B2AE63 /* AppDelegate.m */ = {isa = PBXFileReference; lastKnownFileType = sourcecode.c.objc; path = AppDelegate.m; sourceTree = "<group>"; };
		98FEF4321A5867DD00B2AE63 /* arrometer.xcdatamodel */ = {isa = PBXFileReference; lastKnownFileType = wrapper.xcdatamodel; path = arrometer.xcdatamodel; sourceTree = "<group>"; };
		98FEF4341A5867DD00B2AE63 /* ViewController.h */ = {isa = PBXFileReference; lastKnownFileType = sourcecode.c.h; path = ViewController.h; sourceTree = "<group>"; };
		98FEF4351A5867DD00B2AE63 /* ViewController.m */ = {isa = PBXFileReference; lastKnownFileType = sourcecode.c.objc; path = ViewController.m; sourceTree = "<group>"; };
		98FEF4381A5867DD00B2AE63 /* Base */ = {isa = PBXFileReference; lastKnownFileType = file.storyboard; name = Base; path = Base.lproj/Main.storyboard; sourceTree = "<group>"; };
		98FEF43A1A5867DD00B2AE63 /* Images.xcassets */ = {isa = PBXFileReference; lastKnownFileType = folder.assetcatalog; path = Images.xcassets; sourceTree = "<group>"; };
		98FEF43D1A5867DD00B2AE63 /* Base */ = {isa = PBXFileReference; lastKnownFileType = file.xib; name = Base; path = Base.lproj/LaunchScreen.xib; sourceTree = "<group>"; };
		98FEF4431A5867DD00B2AE63 /* arrometerTests.xctest */ = {isa = PBXFileReference; explicitFileType = wrapper.cfbundle; includeInIndex = 0; path = arrometerTests.xctest; sourceTree = BUILT_PRODUCTS_DIR; };
		98FEF4481A5867DD00B2AE63 /* Info.plist */ = {isa = PBXFileReference; lastKnownFileType = text.plist.xml; path = Info.plist; sourceTree = "<group>"; };
		98FEF4491A5867DD00B2AE63 /* arrometerTests.m */ = {isa = PBXFileReference; lastKnownFileType = sourcecode.c.objc; path = arrometerTests.m; sourceTree = "<group>"; };
/* End PBXFileReference section */

/* Begin PBXFrameworksBuildPhase section */
		98FEF4241A5867DD00B2AE63 /* Frameworks */ = {
			isa = PBXFrameworksBuildPhase;
			buildActionMask = 2147483647;
			files = (
				986B875E1A7587D6001EA102 /* AudioToolbox.framework in Frameworks */,
				982F2E371A5B7BE40067F7E2 /* CoreLocation.framework in Frameworks */,
				982F2E341A5B7B6B0067F7E2 /* QuartzCore.framework in Frameworks */,
			);
			runOnlyForDeploymentPostprocessing = 0;
		};
		98FEF4401A5867DD00B2AE63 /* Frameworks */ = {
			isa = PBXFrameworksBuildPhase;
			buildActionMask = 2147483647;
			files = (
			);
			runOnlyForDeploymentPostprocessing = 0;
		};
/* End PBXFrameworksBuildPhase section */

/* Begin PBXGroup section */
		982F2E351A5B7B730067F7E2 /* frameworks */ = {
			isa = PBXGroup;
			children = (
				986B87651A780632001EA102 /* AFNetworking */,
				986B87791A780632001EA102 /* UIKit+AFNetworking */,
				986B875D1A7587D6001EA102 /* AudioToolbox.framework */,
				982F2E3E1A5B7DA90067F7E2 /* Bolts.framework */,
				982F2E3C1A5B7C440067F7E2 /* libz.dylib */,
				982F2E3A1A5B7C370067F7E2 /* libsqlite3.dylib */,
				982F2E381A5B7C140067F7E2 /* StoreKit.framework */,
				982F2E361A5B7BE40067F7E2 /* CoreLocation.framework */,
				982F2E311A5B7B600067F7E2 /* Security.framework */,
				982F2E2D1A5B7B460067F7E2 /* CoreGraphics.framework */,
				982F2E2B1A5B7B390067F7E2 /* MobileCoreServices.framework */,
				982F2E291A5B7B2D0067F7E2 /* SystemConfiguration.framework */,
				982F2E271A5B7B130067F7E2 /* CFNetwork.framework */,
				982F2E231A5B7AD20067F7E2 /* Parse.framework */,
				982F2E331A5B7B6B0067F7E2 /* QuartzCore.framework */,
			);
			name = frameworks;
			sourceTree = "<group>";
		};
		986B87651A780632001EA102 /* AFNetworking */ = {
			isa = PBXGroup;
			children = (
				986B87661A780632001EA102 /* AFHTTPRequestOperation.h */,
				986B87671A780632001EA102 /* AFHTTPRequestOperation.m */,
				986B87681A780632001EA102 /* AFHTTPRequestOperationManager.h */,
				986B87691A780632001EA102 /* AFHTTPRequestOperationManager.m */,
				986B876A1A780632001EA102 /* AFHTTPSessionManager.h */,
				986B876B1A780632001EA102 /* AFHTTPSessionManager.m */,
				986B876C1A780632001EA102 /* AFNetworking.h */,
				986B876D1A780632001EA102 /* AFNetworkReachabilityManager.h */,
				986B876E1A780632001EA102 /* AFNetworkReachabilityManager.m */,
				986B876F1A780632001EA102 /* AFSecurityPolicy.h */,
				986B87701A780632001EA102 /* AFSecurityPolicy.m */,
				986B87711A780632001EA102 /* AFURLConnectionOperation.h */,
				986B87721A780632001EA102 /* AFURLConnectionOperation.m */,
				986B87731A780632001EA102 /* AFURLRequestSerialization.h */,
				986B87741A780632001EA102 /* AFURLRequestSerialization.m */,
				986B87751A780632001EA102 /* AFURLResponseSerialization.h */,
				986B87761A780632001EA102 /* AFURLResponseSerialization.m */,
				986B87771A780632001EA102 /* AFURLSessionManager.h */,
				986B87781A780632001EA102 /* AFURLSessionManager.m */,
			);
			path = AFNetworking;
			sourceTree = "<group>";
		};
		986B87791A780632001EA102 /* UIKit+AFNetworking */ = {
			isa = PBXGroup;
			children = (
				986B877A1A780632001EA102 /* AFNetworkActivityIndicatorManager.h */,
				986B877B1A780632001EA102 /* AFNetworkActivityIndicatorManager.m */,
				986B877C1A780632001EA102 /* UIActivityIndicatorView+AFNetworking.h */,
				986B877D1A780632001EA102 /* UIActivityIndicatorView+AFNetworking.m */,
				986B877E1A780632001EA102 /* UIAlertView+AFNetworking.h */,
				986B877F1A780632001EA102 /* UIAlertView+AFNetworking.m */,
				986B87801A780632001EA102 /* UIButton+AFNetworking.h */,
				986B87811A780632001EA102 /* UIButton+AFNetworking.m */,
				986B87821A780632001EA102 /* UIImageView+AFNetworking.h */,
				986B87831A780632001EA102 /* UIImageView+AFNetworking.m */,
				986B87841A780632001EA102 /* UIKit+AFNetworking.h */,
				986B87851A780632001EA102 /* UIProgressView+AFNetworking.h */,
				986B87861A780632001EA102 /* UIProgressView+AFNetworking.m */,
				986B87871A780632001EA102 /* UIRefreshControl+AFNetworking.h */,
				986B87881A780632001EA102 /* UIRefreshControl+AFNetworking.m */,
				986B87891A780632001EA102 /* UIWebView+AFNetworking.h */,
				986B878A1A780632001EA102 /* UIWebView+AFNetworking.m */,
			);
			path = "UIKit+AFNetworking";
			sourceTree = "<group>";
		};
		988C99281A7E0C0200526701 /* models */ = {
			isa = PBXGroup;
			children = (
				988C99251A7E0BD800526701 /* ModelManager.h */,
				988C99261A7E0BD800526701 /* ModelManager.m */,
			);
			name = models;
			sourceTree = "<group>";
		};
		988C99291A7E0C1300526701 /* views */ = {
			isa = PBXGroup;
			children = (
				98FEF4371A5867DD00B2AE63 /* Main.storyboard */,
			);
			name = views;
			sourceTree = "<group>";
		};
		988C992A1A7E0C3000526701 /* controllers */ = {
			isa = PBXGroup;
			children = (
				98625C3A1A5F5C190021B929 /* firstViewController.h */,
				98625C3B1A5F5C190021B929 /* firstViewController.m */,
				982F2E401A5B863C0067F7E2 /* SignUpViewController.h */,
				982F2E411A5B863C0067F7E2 /* SignUpViewController.m */,
				98625C511A5FA84A0021B929 /* LoginViewController.h */,
				98625C521A5FA84A0021B929 /* LoginViewController.m */,
				98FEF4341A5867DD00B2AE63 /* ViewController.h */,
				98FEF4351A5867DD00B2AE63 /* ViewController.m */,
				98E48AD11A622ED00021B014 /* OptionViewController.h */,
				98E48AD21A622ED00021B014 /* OptionViewController.m */,
			);
			name = controllers;
			sourceTree = "<group>";
		};
		98AF13DB1A7B6C60007A9C57 /* PodFiles */ = {
			isa = PBXGroup;
			children = (
				98AF13DC1A7B6C60007A9C57 /* NSMutableArray+SWUtilityButtons.h */,
				98AF13DD1A7B6C60007A9C57 /* NSMutableArray+SWUtilityButtons.m */,
				98AF13DE1A7B6C60007A9C57 /* SWCellScrollView.h */,
				98AF13DF1A7B6C60007A9C57 /* SWCellScrollView.m */,
				98AF13E01A7B6C60007A9C57 /* SWLongPressGestureRecognizer.h */,
				98AF13E11A7B6C60007A9C57 /* SWLongPressGestureRecognizer.m */,
				98AF13E21A7B6C60007A9C57 /* SWTableViewCell.h */,
				98AF13E31A7B6C60007A9C57 /* SWTableViewCell.m */,
				98AF13E41A7B6C60007A9C57 /* SWUtilityButtonTapGestureRecognizer.h */,
				98AF13E51A7B6C60007A9C57 /* SWUtilityButtonTapGestureRecognizer.m */,
				98AF13E61A7B6C60007A9C57 /* SWUtilityButtonView.h */,
				98AF13E71A7B6C60007A9C57 /* SWUtilityButtonView.m */,
			);
			path = PodFiles;
			sourceTree = "<group>";
		};
		98E48ACD1A6226AA0021B014 /* FVCds */ = {
			isa = PBXGroup;
			children = (
				9869A2D61A7C622B00670392 /* firstView.png */,
				98625C3D1A5F5E1E0021B929 /* haikei.png */,
				98625C4F1A5F79540021B929 /* whiteWaku.png */,
			);
			name = FVCds;
			sourceTree = "<group>";
		};
		98E48ACE1A6226EF0021B014 /* SULIVCds */ = {
			isa = PBXGroup;
			children = (
				98625C301A5F43CD0021B929 /* signUpLogin.png */,
				98625C4D1A5F78790021B929 /* whiteEdge.png */,
			);
			name = SULIVCds;
			sourceTree = "<group>";
		};
		98F197FB1A58B6EE00869846 /* VCds */ = {
			isa = PBXGroup;
			children = (
				989C875B1A79C5CF006DC17E /* newBackGround.png */,
				989C875D1A79D162006DC17E /* hedder.png */,
				989C87551A79C09D006DC17E /* newFukidasi.png */,
				989C87561A79C09D006DC17E /* newUserBack.png */,
				986B87631A77558E001EA102 /* arrowLight.png */,
				986B87611A75A5B0001EA102 /* sky1.jpg */,
				98F1980A1A58BF7100869846 /* arrow.png */,
				98F1980B1A58BF7100869846 /* circle.png */,
				9869A2D21A7C5FAC00670392 /* block.png */,
				9869A2D31A7C5FAC00670392 /* cancel.png */,
			);
			name = VCds;
			sourceTree = "<group>";
		};
		98FEF41E1A5867DD00B2AE63 = {
			isa = PBXGroup;
			children = (
				98AF13DB1A7B6C60007A9C57 /* PodFiles */,
				98E1AB001A7A0DDB007A807D /* FOT-PopJoyStd-B.otf */,
				982F2E351A5B7B730067F7E2 /* frameworks */,
				98FEF4291A5867DD00B2AE63 /* arrometer */,
				98FEF4461A5867DD00B2AE63 /* arrometerTests */,
				98FEF4281A5867DD00B2AE63 /* Products */,
			);
			sourceTree = "<group>";
		};
		98FEF4281A5867DD00B2AE63 /* Products */ = {
			isa = PBXGroup;
			children = (
				98FEF4271A5867DD00B2AE63 /* arrometer.app */,
				98FEF4431A5867DD00B2AE63 /* arrometerTests.xctest */,
			);
			name = Products;
			sourceTree = "<group>";
		};
		98FEF4291A5867DD00B2AE63 /* arrometer */ = {
			isa = PBXGroup;
			children = (
				989C874C1A79AB2A006DC17E /* alohaIcon80.png */,
				989C874D1A79AB2A006DC17E /* alohaIcon120.png */,
				989C87501A79ABF0006DC17E /* alohaIcon180.png */,
				98E48ACD1A6226AA0021B014 /* FVCds */,
				98E48ACE1A6226EF0021B014 /* SULIVCds */,
				98F197FB1A58B6EE00869846 /* VCds */,
				986B875F1A759370001EA102 /* 新規録音.wav */,
				98FEF42E1A5867DD00B2AE63 /* AppDelegate.h */,
				98FEF42F1A5867DD00B2AE63 /* AppDelegate.m */,
				988C99281A7E0C0200526701 /* models */,
				988C99291A7E0C1300526701 /* views */,
				988C992A1A7E0C3000526701 /* controllers */,
				98FEF43A1A5867DD00B2AE63 /* Images.xcassets */,
				98FEF43C1A5867DD00B2AE63 /* LaunchScreen.xib */,
				98FEF4311A5867DD00B2AE63 /* arrometer.xcdatamodeld */,
				98FEF42A1A5867DD00B2AE63 /* Supporting Files */,
			);
			path = arrometer;
			sourceTree = "<group>";
		};
		98FEF42A1A5867DD00B2AE63 /* Supporting Files */ = {
			isa = PBXGroup;
			children = (
				98FEF42B1A5867DD00B2AE63 /* Info.plist */,
				98FEF42C1A5867DD00B2AE63 /* main.m */,
			);
			name = "Supporting Files";
			sourceTree = "<group>";
		};
		98FEF4461A5867DD00B2AE63 /* arrometerTests */ = {
			isa = PBXGroup;
			children = (
				98FEF4491A5867DD00B2AE63 /* arrometerTests.m */,
				98FEF4471A5867DD00B2AE63 /* Supporting Files */,
			);
			path = arrometerTests;
			sourceTree = "<group>";
		};
		98FEF4471A5867DD00B2AE63 /* Supporting Files */ = {
			isa = PBXGroup;
			children = (
				98FEF4481A5867DD00B2AE63 /* Info.plist */,
			);
			name = "Supporting Files";
			sourceTree = "<group>";
		};
/* End PBXGroup section */

/* Begin PBXNativeTarget section */
		98FEF4261A5867DD00B2AE63 /* arrometer */ = {
			isa = PBXNativeTarget;
			buildConfigurationList = 98FEF44D1A5867DD00B2AE63 /* Build configuration list for PBXNativeTarget "arrometer" */;
			buildPhases = (
				98FEF4231A5867DD00B2AE63 /* Sources */,
				98FEF4241A5867DD00B2AE63 /* Frameworks */,
				98FEF4251A5867DD00B2AE63 /* Resources */,
			);
			buildRules = (
			);
			dependencies = (
			);
			name = arrometer;
			productName = arrometer;
			productReference = 98FEF4271A5867DD00B2AE63 /* arrometer.app */;
			productType = "com.apple.product-type.application";
		};
		98FEF4421A5867DD00B2AE63 /* arrometerTests */ = {
			isa = PBXNativeTarget;
			buildConfigurationList = 98FEF4501A5867DD00B2AE63 /* Build configuration list for PBXNativeTarget "arrometerTests" */;
			buildPhases = (
				98FEF43F1A5867DD00B2AE63 /* Sources */,
				98FEF4401A5867DD00B2AE63 /* Frameworks */,
				98FEF4411A5867DD00B2AE63 /* Resources */,
			);
			buildRules = (
			);
			dependencies = (
				98FEF4451A5867DD00B2AE63 /* PBXTargetDependency */,
			);
			name = arrometerTests;
			productName = arrometerTests;
			productReference = 98FEF4431A5867DD00B2AE63 /* arrometerTests.xctest */;
			productType = "com.apple.product-type.bundle.unit-test";
		};
/* End PBXNativeTarget section */

/* Begin PBXProject section */
		98FEF41F1A5867DD00B2AE63 /* Project object */ = {
			isa = PBXProject;
			attributes = {
				LastUpgradeCheck = 0610;
				ORGANIZATIONNAME = "Yuki Futagami";
				TargetAttributes = {
					98FEF4261A5867DD00B2AE63 = {
						CreatedOnToolsVersion = 6.1.1;
						DevelopmentTeam = 8X5QXMNH53;
					};
					98FEF4421A5867DD00B2AE63 = {
						CreatedOnToolsVersion = 6.1.1;
						TestTargetID = 98FEF4261A5867DD00B2AE63;
					};
				};
			};
			buildConfigurationList = 98FEF4221A5867DD00B2AE63 /* Build configuration list for PBXProject "arrometer" */;
			compatibilityVersion = "Xcode 3.2";
			developmentRegion = English;
			hasScannedForEncodings = 0;
			knownRegions = (
				en,
				Base,
			);
			mainGroup = 98FEF41E1A5867DD00B2AE63;
			productRefGroup = 98FEF4281A5867DD00B2AE63 /* Products */;
			projectDirPath = "";
			projectRoot = "";
			targets = (
				98FEF4261A5867DD00B2AE63 /* arrometer */,
				98FEF4421A5867DD00B2AE63 /* arrometerTests */,
			);
		};
/* End PBXProject section */

/* Begin PBXResourcesBuildPhase section */
		98FEF4251A5867DD00B2AE63 /* Resources */ = {
			isa = PBXResourcesBuildPhase;
			buildActionMask = 2147483647;
			files = (
				989C874E1A79AB2A006DC17E /* alohaIcon80.png in Resources */,
				98625C4E1A5F78790021B929 /* whiteEdge.png in Resources */,
				989C87511A79ABF0006DC17E /* alohaIcon180.png in Resources */,
				98625C311A5F43CD0021B929 /* signUpLogin.png in Resources */,
				98FEF4391A5867DD00B2AE63 /* Main.storyboard in Resources */,
				98F1980D1A58BF7100869846 /* circle.png in Resources */,
				986B87621A75A5B0001EA102 /* sky1.jpg in Resources */,
				986B87641A77558E001EA102 /* arrowLight.png in Resources */,
				9869A2D41A7C5FAC00670392 /* block.png in Resources */,
				98E1AB011A7A0DDB007A807D /* FOT-PopJoyStd-B.otf in Resources */,
				98FEF43E1A5867DD00B2AE63 /* LaunchScreen.xib in Resources */,
				98625C3E1A5F5E1E0021B929 /* haikei.png in Resources */,
				98625C501A5F79540021B929 /* whiteWaku.png in Resources */,
				989C875C1A79C5CF006DC17E /* newBackGround.png in Resources */,
				9869A2D71A7C622B00670392 /* firstView.png in Resources */,
				989C875E1A79D162006DC17E /* hedder.png in Resources */,
				9869A2D51A7C5FAC00670392 /* cancel.png in Resources */,
				989C87591A79C09D006DC17E /* newFukidasi.png in Resources */,
				989C874F1A79AB2A006DC17E /* alohaIcon120.png in Resources */,
				986B87601A759370001EA102 /* 新規録音.wav in Resources */,
				98FEF43B1A5867DD00B2AE63 /* Images.xcassets in Resources */,
				989C875A1A79C09D006DC17E /* newUserBack.png in Resources */,
				98F1980C1A58BF7100869846 /* arrow.png in Resources */,
			);
			runOnlyForDeploymentPostprocessing = 0;
		};
		98FEF4411A5867DD00B2AE63 /* Resources */ = {
			isa = PBXResourcesBuildPhase;
			buildActionMask = 2147483647;
			files = (
			);
			runOnlyForDeploymentPostprocessing = 0;
		};
/* End PBXResourcesBuildPhase section */

/* Begin PBXSourcesBuildPhase section */
		98FEF4231A5867DD00B2AE63 /* Sources */ = {
			isa = PBXSourcesBuildPhase;
			buildActionMask = 2147483647;
			files = (
				986B87931A780632001EA102 /* AFURLSessionManager.m in Sources */,
				986B87901A780632001EA102 /* AFURLConnectionOperation.m in Sources */,
				98AF13ED1A7B6C60007A9C57 /* SWUtilityButtonView.m in Sources */,
				986B879A1A780632001EA102 /* UIRefreshControl+AFNetworking.m in Sources */,
				986B87971A780632001EA102 /* UIButton+AFNetworking.m in Sources */,
				986B87991A780632001EA102 /* UIProgressView+AFNetworking.m in Sources */,
				986B878B1A780632001EA102 /* AFHTTPRequestOperation.m in Sources */,
				98AF13E81A7B6C60007A9C57 /* NSMutableArray+SWUtilityButtons.m in Sources */,
				98FEF4301A5867DD00B2AE63 /* AppDelegate.m in Sources */,
				986B87961A780632001EA102 /* UIAlertView+AFNetworking.m in Sources */,
				986B878C1A780632001EA102 /* AFHTTPRequestOperationManager.m in Sources */,
				98E48AD31A622ED00021B014 /* OptionViewController.m in Sources */,
				98625C3C1A5F5C190021B929 /* firstViewController.m in Sources */,
				98AF13E91A7B6C60007A9C57 /* SWCellScrollView.m in Sources */,
				986B87981A780632001EA102 /* UIImageView+AFNetworking.m in Sources */,
				986B878D1A780632001EA102 /* AFHTTPSessionManager.m in Sources */,
				98AF13EA1A7B6C60007A9C57 /* SWLongPressGestureRecognizer.m in Sources */,
				986B87951A780632001EA102 /* UIActivityIndicatorView+AFNetworking.m in Sources */,
				98AF13EB1A7B6C60007A9C57 /* SWTableViewCell.m in Sources */,
				986B87941A780632001EA102 /* AFNetworkActivityIndicatorManager.m in Sources */,
				982F2E421A5B863C0067F7E2 /* SignUpViewController.m in Sources */,
				988C99271A7E0BD800526701 /* ModelManager.m in Sources */,
				98FEF42D1A5867DD00B2AE63 /* main.m in Sources */,
				98625C531A5FA84A0021B929 /* LoginViewController.m in Sources */,
				98AF13EC1A7B6C60007A9C57 /* SWUtilityButtonTapGestureRecognizer.m in Sources */,
				986B878F1A780632001EA102 /* AFSecurityPolicy.m in Sources */,
				98FEF4361A5867DD00B2AE63 /* ViewController.m in Sources */,
				986B87911A780632001EA102 /* AFURLRequestSerialization.m in Sources */,
				986B878E1A780632001EA102 /* AFNetworkReachabilityManager.m in Sources */,
				986B879B1A780632001EA102 /* UIWebView+AFNetworking.m in Sources */,
				986B87921A780632001EA102 /* AFURLResponseSerialization.m in Sources */,
				98FEF4331A5867DD00B2AE63 /* arrometer.xcdatamodeld in Sources */,
			);
			runOnlyForDeploymentPostprocessing = 0;
		};
		98FEF43F1A5867DD00B2AE63 /* Sources */ = {
			isa = PBXSourcesBuildPhase;
			buildActionMask = 2147483647;
			files = (
				98FEF44A1A5867DD00B2AE63 /* arrometerTests.m in Sources */,
			);
			runOnlyForDeploymentPostprocessing = 0;
		};
/* End PBXSourcesBuildPhase section */

/* Begin PBXTargetDependency section */
		98FEF4451A5867DD00B2AE63 /* PBXTargetDependency */ = {
			isa = PBXTargetDependency;
			target = 98FEF4261A5867DD00B2AE63 /* arrometer */;
			targetProxy = 98FEF4441A5867DD00B2AE63 /* PBXContainerItemProxy */;
		};
/* End PBXTargetDependency section */

/* Begin PBXVariantGroup section */
		98FEF4371A5867DD00B2AE63 /* Main.storyboard */ = {
			isa = PBXVariantGroup;
			children = (
				98FEF4381A5867DD00B2AE63 /* Base */,
			);
			name = Main.storyboard;
			sourceTree = "<group>";
		};
		98FEF43C1A5867DD00B2AE63 /* LaunchScreen.xib */ = {
			isa = PBXVariantGroup;
			children = (
				98FEF43D1A5867DD00B2AE63 /* Base */,
			);
			name = LaunchScreen.xib;
			sourceTree = "<group>";
		};
/* End PBXVariantGroup section */

/* Begin XCBuildConfiguration section */
		98FEF44B1A5867DD00B2AE63 /* Debug */ = {
			isa = XCBuildConfiguration;
			buildSettings = {
				ALWAYS_SEARCH_USER_PATHS = NO;
				CLANG_CXX_LANGUAGE_STANDARD = "gnu++0x";
				CLANG_CXX_LIBRARY = "libc++";
				CLANG_ENABLE_MODULES = YES;
				CLANG_ENABLE_OBJC_ARC = YES;
				CLANG_WARN_BOOL_CONVERSION = YES;
				CLANG_WARN_CONSTANT_CONVERSION = YES;
				CLANG_WARN_DIRECT_OBJC_ISA_USAGE = YES_ERROR;
				CLANG_WARN_EMPTY_BODY = YES;
				CLANG_WARN_ENUM_CONVERSION = YES;
				CLANG_WARN_INT_CONVERSION = YES;
				CLANG_WARN_OBJC_ROOT_CLASS = YES_ERROR;
				CLANG_WARN_UNREACHABLE_CODE = YES;
				CLANG_WARN__DUPLICATE_METHOD_MATCH = YES;
				"CODE_SIGN_IDENTITY[sdk=iphoneos*]" = "iPhone Developer";
				COPY_PHASE_STRIP = NO;
				ENABLE_STRICT_OBJC_MSGSEND = YES;
				GCC_C_LANGUAGE_STANDARD = gnu99;
				GCC_DYNAMIC_NO_PIC = NO;
				GCC_OPTIMIZATION_LEVEL = 0;
				GCC_PREPROCESSOR_DEFINITIONS = (
					"DEBUG=1",
					"$(inherited)",
				);
				GCC_SYMBOLS_PRIVATE_EXTERN = NO;
				GCC_WARN_64_TO_32_BIT_CONVERSION = YES;
				GCC_WARN_ABOUT_RETURN_TYPE = YES_ERROR;
				GCC_WARN_UNDECLARED_SELECTOR = YES;
				GCC_WARN_UNINITIALIZED_AUTOS = YES_AGGRESSIVE;
				GCC_WARN_UNUSED_FUNCTION = YES;
				GCC_WARN_UNUSED_VARIABLE = YES;
				IPHONEOS_DEPLOYMENT_TARGET = 8.1;
				MTL_ENABLE_DEBUG_INFO = YES;
				ONLY_ACTIVE_ARCH = YES;
				SDKROOT = iphoneos;
			};
			name = Debug;
		};
		98FEF44C1A5867DD00B2AE63 /* Release */ = {
			isa = XCBuildConfiguration;
			buildSettings = {
				ALWAYS_SEARCH_USER_PATHS = NO;
				CLANG_CXX_LANGUAGE_STANDARD = "gnu++0x";
				CLANG_CXX_LIBRARY = "libc++";
				CLANG_ENABLE_MODULES = YES;
				CLANG_ENABLE_OBJC_ARC = YES;
				CLANG_WARN_BOOL_CONVERSION = YES;
				CLANG_WARN_CONSTANT_CONVERSION = YES;
				CLANG_WARN_DIRECT_OBJC_ISA_USAGE = YES_ERROR;
				CLANG_WARN_EMPTY_BODY = YES;
				CLANG_WARN_ENUM_CONVERSION = YES;
				CLANG_WARN_INT_CONVERSION = YES;
				CLANG_WARN_OBJC_ROOT_CLASS = YES_ERROR;
				CLANG_WARN_UNREACHABLE_CODE = YES;
				CLANG_WARN__DUPLICATE_METHOD_MATCH = YES;
				"CODE_SIGN_IDENTITY[sdk=iphoneos*]" = "iPhone Developer";
				COPY_PHASE_STRIP = YES;
				ENABLE_NS_ASSERTIONS = NO;
				ENABLE_STRICT_OBJC_MSGSEND = YES;
				GCC_C_LANGUAGE_STANDARD = gnu99;
				GCC_WARN_64_TO_32_BIT_CONVERSION = YES;
				GCC_WARN_ABOUT_RETURN_TYPE = YES_ERROR;
				GCC_WARN_UNDECLARED_SELECTOR = YES;
				GCC_WARN_UNINITIALIZED_AUTOS = YES_AGGRESSIVE;
				GCC_WARN_UNUSED_FUNCTION = YES;
				GCC_WARN_UNUSED_VARIABLE = YES;
				IPHONEOS_DEPLOYMENT_TARGET = 8.1;
				MTL_ENABLE_DEBUG_INFO = NO;
				SDKROOT = iphoneos;
				VALIDATE_PRODUCT = YES;
			};
			name = Release;
		};
		98FEF44E1A5867DD00B2AE63 /* Debug */ = {
			isa = XCBuildConfiguration;
			buildSettings = {
				ASSETCATALOG_COMPILER_APPICON_NAME = AppIcon;
				CODE_SIGN_IDENTITY = "iPhone Developer";
				"CODE_SIGN_IDENTITY[sdk=iphoneos*]" = "iPhone Developer";
				FRAMEWORK_SEARCH_PATHS = (
					"$(inherited)",
					"$(PROJECT_DIR)",
				);
				INFOPLIST_FILE = arrometer/Info.plist;
				LD_RUNPATH_SEARCH_PATHS = "$(inherited) @executable_path/Frameworks";
				PRODUCT_NAME = "$(TARGET_NAME)";
				PROVISIONING_PROFILE = "";
			};
			name = Debug;
		};
		98FEF44F1A5867DD00B2AE63 /* Release */ = {
			isa = XCBuildConfiguration;
			buildSettings = {
				ASSETCATALOG_COMPILER_APPICON_NAME = AppIcon;
				CODE_SIGN_IDENTITY = "iPhone Developer";
				"CODE_SIGN_IDENTITY[sdk=iphoneos*]" = "iPhone Developer";
				FRAMEWORK_SEARCH_PATHS = (
					"$(inherited)",
					"$(PROJECT_DIR)",
				);
				INFOPLIST_FILE = arrometer/Info.plist;
				LD_RUNPATH_SEARCH_PATHS = "$(inherited) @executable_path/Frameworks";
				PRODUCT_NAME = "$(TARGET_NAME)";
				PROVISIONING_PROFILE = "";
			};
			name = Release;
		};
		98FEF4511A5867DD00B2AE63 /* Debug */ = {
			isa = XCBuildConfiguration;
			buildSettings = {
				BUNDLE_LOADER = "$(TEST_HOST)";
				FRAMEWORK_SEARCH_PATHS = (
					"$(SDKROOT)/Developer/Library/Frameworks",
					"$(inherited)",
				);
				GCC_PREPROCESSOR_DEFINITIONS = (
					"DEBUG=1",
					"$(inherited)",
				);
				INFOPLIST_FILE = arrometerTests/Info.plist;
				LD_RUNPATH_SEARCH_PATHS = "$(inherited) @executable_path/Frameworks @loader_path/Frameworks";
				PRODUCT_NAME = "$(TARGET_NAME)";
				TEST_HOST = "$(BUILT_PRODUCTS_DIR)/arrometer.app/arrometer";
			};
			name = Debug;
		};
		98FEF4521A5867DD00B2AE63 /* Release */ = {
			isa = XCBuildConfiguration;
			buildSettings = {
				BUNDLE_LOADER = "$(TEST_HOST)";
				FRAMEWORK_SEARCH_PATHS = (
					"$(SDKROOT)/Developer/Library/Frameworks",
					"$(inherited)",
				);
				INFOPLIST_FILE = arrometerTests/Info.plist;
				LD_RUNPATH_SEARCH_PATHS = "$(inherited) @executable_path/Frameworks @loader_path/Frameworks";
				PRODUCT_NAME = "$(TARGET_NAME)";
				TEST_HOST = "$(BUILT_PRODUCTS_DIR)/arrometer.app/arrometer";
			};
			name = Release;
		};
/* End XCBuildConfiguration section */

/* Begin XCConfigurationList section */
		98FEF4221A5867DD00B2AE63 /* Build configuration list for PBXProject "arrometer" */ = {
			isa = XCConfigurationList;
			buildConfigurations = (
				98FEF44B1A5867DD00B2AE63 /* Debug */,
				98FEF44C1A5867DD00B2AE63 /* Release */,
			);
			defaultConfigurationIsVisible = 0;
			defaultConfigurationName = Release;
		};
		98FEF44D1A5867DD00B2AE63 /* Build configuration list for PBXNativeTarget "arrometer" */ = {
			isa = XCConfigurationList;
			buildConfigurations = (
				98FEF44E1A5867DD00B2AE63 /* Debug */,
				98FEF44F1A5867DD00B2AE63 /* Release */,
			);
			defaultConfigurationIsVisible = 0;
			defaultConfigurationName = Release;
		};
		98FEF4501A5867DD00B2AE63 /* Build configuration list for PBXNativeTarget "arrometerTests" */ = {
			isa = XCConfigurationList;
			buildConfigurations = (
				98FEF4511A5867DD00B2AE63 /* Debug */,
				98FEF4521A5867DD00B2AE63 /* Release */,
			);
			defaultConfigurationIsVisible = 0;
			defaultConfigurationName = Release;
		};
/* End XCConfigurationList section */

/* Begin XCVersionGroup section */
		98FEF4311A5867DD00B2AE63 /* arrometer.xcdatamodeld */ = {
			isa = XCVersionGroup;
			children = (
				98FEF4321A5867DD00B2AE63 /* arrometer.xcdatamodel */,
			);
			currentVersion = 98FEF4321A5867DD00B2AE63 /* arrometer.xcdatamodel */;
			path = arrometer.xcdatamodeld;
			sourceTree = "<group>";
			versionGroupType = wrapper.xcdatamodel;
		};
/* End XCVersionGroup section */
	};
	rootObject = 98FEF41F1A5867DD00B2AE63 /* Project object */;
}
